
Microsoft Visual Studio Solution File, Format Version 12.00
# Visual Studio Version 17
VisualStudioVersion = 17.4.33205.214
MinimumVisualStudioVersion = 10.0.40219.1
Project("{FAE04EC0-301F-11D3-BF4B-00C04F79EFBC}") = "Csharp-studies", "Csharp-studies\Csharp-studies.csproj", "{965159F6-913B-4651-B531-E3C9F2ADA8C5}"
EndProject
Global
	GlobalSection(SolutionConfigurationPlatforms) = preSolution
		Debug|Any CPU = Debug|Any CPU
		Release|Any CPU = Release|Any CPU
	EndGlobalSection
	GlobalSection(ProjectConfigurationPlatforms) = postSolution
		{965159F6-913B-4651-B531-E3C9F2ADA8C5}.Debug|Any CPU.ActiveCfg = Debug|Any CPU
		{965159F6-913B-4651-B531-E3C9F2ADA8C5}.Debug|Any CPU.Build.0 = Debug|Any CPU
		{965159F6-913B-4651-B531-E3C9F2ADA8C5}.Release|Any CPU.ActiveCfg = Release|Any CPU
		{965159F6-913B-4651-B531-E3C9F2ADA8C5}.Release|Any CPU.Build.0 = Release|Any CPU
	EndGlobalSection
	GlobalSection(SolutionProperties) = preSolution
		HideSolutionNode = FALSE
	EndGlobalSection
	GlobalSection(ExtensibilityGlobals) = postSolution
		SolutionGuid = {6D85C4A3-3296-44E8-8822-FA107FDD69CC}
	EndGlobalSection
EndGlobal
